
Microsoft Visual Studio Solution File, Format Version 12.00
# Visual Studio 14
VisualStudioVersion = 14.0.25420.1
MinimumVisualStudioVersion = 10.0.40219.1
Project("{FAE04EC0-301F-11D3-BF4B-00C04F79EFBC}") = "TwinArrays", "TwinArrays\TwinArrays.csproj", "{0D064FAA-4510-4FF6-B5EA-195DB336C92C}"
EndProject
Project("{FAE04EC0-301F-11D3-BF4B-00C04F79EFBC}") = "PatternCount", "PatternCount\PatternCount.csproj", "{C2EE37E0-D34B-4AE2-835D-34D8C53A2F95}"
EndProject
Project("{FAE04EC0-301F-11D3-BF4B-00C04F79EFBC}") = "TransformToPalindrome", "TransformToPalindrome\TransformToPalindrome.csproj", "{6CCAAAB4-4264-4EFA-9868-4E08C73CC5B3}"
EndProject
Project("{FAE04EC0-301F-11D3-BF4B-00C04F79EFBC}") = "PalindromicTable", "PalindromicTable\PalindromicTable.csproj", "{EF21BD52-3972-431F-B0E1-0C1D4D1307A4}"
EndProject
Project("{8BC9CEB8-8B4A-11D0-8D11-00A0C91BC942}") = "PalindromicTableCPP", "PalindromicTableCPP\PalindromicTableCPP.vcxproj", "{9B9EBA5D-2B6C-40BE-A041-4288AD987A39}"
EndProject
Global
	GlobalSection(SolutionConfigurationPlatforms) = preSolution
		Debug|Any CPU = Debug|Any CPU
		Debug|x64 = Debug|x64
		Debug|x86 = Debug|x86
		Release|Any CPU = Release|Any CPU
		Release|x64 = Release|x64
		Release|x86 = Release|x86
	EndGlobalSection
	GlobalSection(ProjectConfigurationPlatforms) = postSolution
		{0D064FAA-4510-4FF6-B5EA-195DB336C92C}.Debug|Any CPU.ActiveCfg = Debug|Any CPU
		{0D064FAA-4510-4FF6-B5EA-195DB336C92C}.Debug|Any CPU.Build.0 = Debug|Any CPU
		{0D064FAA-4510-4FF6-B5EA-195DB336C92C}.Debug|x64.ActiveCfg = Debug|Any CPU
		{0D064FAA-4510-4FF6-B5EA-195DB336C92C}.Debug|x64.Build.0 = Debug|Any CPU
		{0D064FAA-4510-4FF6-B5EA-195DB336C92C}.Debug|x86.ActiveCfg = Debug|Any CPU
		{0D064FAA-4510-4FF6-B5EA-195DB336C92C}.Debug|x86.Build.0 = Debug|Any CPU
		{0D064FAA-4510-4FF6-B5EA-195DB336C92C}.Release|Any CPU.ActiveCfg = Release|Any CPU
		{0D064FAA-4510-4FF6-B5EA-195DB336C92C}.Release|Any CPU.Build.0 = Release|Any CPU
		{0D064FAA-4510-4FF6-B5EA-195DB336C92C}.Release|x64.ActiveCfg = Release|Any CPU
		{0D064FAA-4510-4FF6-B5EA-195DB336C92C}.Release|x64.Build.0 = Release|Any CPU
		{0D064FAA-4510-4FF6-B5EA-195DB336C92C}.Release|x86.ActiveCfg = Release|Any CPU
		{0D064FAA-4510-4FF6-B5EA-195DB336C92C}.Release|x86.Build.0 = Release|Any CPU
		{C2EE37E0-D34B-4AE2-835D-34D8C53A2F95}.Debug|Any CPU.ActiveCfg = Debug|Any CPU
		{C2EE37E0-D34B-4AE2-835D-34D8C53A2F95}.Debug|Any CPU.Build.0 = Debug|Any CPU
		{C2EE37E0-D34B-4AE2-835D-34D8C53A2F95}.Debug|x64.ActiveCfg = Debug|Any CPU
		{C2EE37E0-D34B-4AE2-835D-34D8C53A2F95}.Debug|x64.Build.0 = Debug|Any CPU
		{C2EE37E0-D34B-4AE2-835D-34D8C53A2F95}.Debug|x86.ActiveCfg = Debug|Any CPU
		{C2EE37E0-D34B-4AE2-835D-34D8C53A2F95}.Debug|x86.Build.0 = Debug|Any CPU
		{C2EE37E0-D34B-4AE2-835D-34D8C53A2F95}.Release|Any CPU.ActiveCfg = Release|Any CPU
		{C2EE37E0-D34B-4AE2-835D-34D8C53A2F95}.Release|Any CPU.Build.0 = Release|Any CPU
		{C2EE37E0-D34B-4AE2-835D-34D8C53A2F95}.Release|x64.ActiveCfg = Release|Any CPU
		{C2EE37E0-D34B-4AE2-835D-34D8C53A2F95}.Release|x64.Build.0 = Release|Any CPU
		{C2EE37E0-D34B-4AE2-835D-34D8C53A2F95}.Release|x86.ActiveCfg = Release|Any CPU
		{C2EE37E0-D34B-4AE2-835D-34D8C53A2F95}.Release|x86.Build.0 = Release|Any CPU
		{6CCAAAB4-4264-4EFA-9868-4E08C73CC5B3}.Debug|Any CPU.ActiveCfg = Debug|Any CPU
		{6CCAAAB4-4264-4EFA-9868-4E08C73CC5B3}.Debug|Any CPU.Build.0 = Debug|Any CPU
		{6CCAAAB4-4264-4EFA-9868-4E08C73CC5B3}.Debug|x64.ActiveCfg = Debug|Any CPU
		{6CCAAAB4-4264-4EFA-9868-4E08C73CC5B3}.Debug|x64.Build.0 = Debug|Any CPU
		{6CCAAAB4-4264-4EFA-9868-4E08C73CC5B3}.Debug|x86.ActiveCfg = Debug|Any CPU
		{6CCAAAB4-4264-4EFA-9868-4E08C73CC5B3}.Debug|x86.Build.0 = Debug|Any CPU
		{6CCAAAB4-4264-4EFA-9868-4E08C73CC5B3}.Release|Any CPU.ActiveCfg = Release|Any CPU
		{6CCAAAB4-4264-4EFA-9868-4E08C73CC5B3}.Release|Any CPU.Build.0 = Release|Any CPU
		{6CCAAAB4-4264-4EFA-9868-4E08C73CC5B3}.Release|x64.ActiveCfg = Release|Any CPU
		{6CCAAAB4-4264-4EFA-9868-4E08C73CC5B3}.Release|x64.Build.0 = Release|Any CPU
		{6CCAAAB4-4264-4EFA-9868-4E08C73CC5B3}.Release|x86.ActiveCfg = Release|Any CPU
		{6CCAAAB4-4264-4EFA-9868-4E08C73CC5B3}.Release|x86.Build.0 = Release|Any CPU
		{EF21BD52-3972-431F-B0E1-0C1D4D1307A4}.Debug|Any CPU.ActiveCfg = Debug|Any CPU
		{EF21BD52-3972-431F-B0E1-0C1D4D1307A4}.Debug|Any CPU.Build.0 = Debug|Any CPU
		{EF21BD52-3972-431F-B0E1-0C1D4D1307A4}.Debug|x64.ActiveCfg = Debug|Any CPU
		{EF21BD52-3972-431F-B0E1-0C1D4D1307A4}.Debug|x64.Build.0 = Debug|Any CPU
		{EF21BD52-3972-431F-B0E1-0C1D4D1307A4}.Debug|x86.ActiveCfg = Debug|Any CPU
		{EF21BD52-3972-431F-B0E1-0C1D4D1307A4}.Debug|x86.Build.0 = Debug|Any CPU
		{EF21BD52-3972-431F-B0E1-0C1D4D1307A4}.Release|Any CPU.ActiveCfg = Release|Any CPU
		{EF21BD52-3972-431F-B0E1-0C1D4D1307A4}.Release|Any CPU.Build.0 = Release|Any CPU
		{EF21BD52-3972-431F-B0E1-0C1D4D1307A4}.Release|x64.ActiveCfg = Release|Any CPU
		{EF21BD52-3972-431F-B0E1-0C1D4D1307A4}.Release|x64.Build.0 = Release|Any CPU
		{EF21BD52-3972-431F-B0E1-0C1D4D1307A4}.Release|x86.ActiveCfg = Release|Any CPU
		{EF21BD52-3972-431F-B0E1-0C1D4D1307A4}.Release|x86.Build.0 = Release|Any CPU
		{9B9EBA5D-2B6C-40BE-A041-4288AD987A39}.Debug|Any CPU.ActiveCfg = Debug|Win32
		{9B9EBA5D-2B6C-40BE-A041-4288AD987A39}.Debug|x64.ActiveCfg = Debug|x64
		{9B9EBA5D-2B6C-40BE-A041-4288AD987A39}.Debug|x64.Build.0 = Debug|x64
		{9B9EBA5D-2B6C-40BE-A041-4288AD987A39}.Debug|x86.ActiveCfg = Debug|Win32
		{9B9EBA5D-2B6C-40BE-A041-4288AD987A39}.Debug|x86.Build.0 = Debug|Win32
		{9B9EBA5D-2B6C-40BE-A041-4288AD987A39}.Release|Any CPU.ActiveCfg = Release|Win32
		{9B9EBA5D-2B6C-40BE-A041-4288AD987A39}.Release|x64.ActiveCfg = Release|x64
		{9B9EBA5D-2B6C-40BE-A041-4288AD987A39}.Release|x64.Build.0 = Release|x64
		{9B9EBA5D-2B6C-40BE-A041-4288AD987A39}.Release|x86.ActiveCfg = Release|Win32
		{9B9EBA5D-2B6C-40BE-A041-4288AD987A39}.Release|x86.Build.0 = Release|Win32
	EndGlobalSection
	GlobalSection(SolutionProperties) = preSolution
		HideSolutionNode = FALSE
	EndGlobalSection
EndGlobal
