
Microsoft Visual Studio Solution File, Format Version 12.00
# Visual Studio 14
VisualStudioVersion = 14.0.25420.1
MinimumVisualStudioVersion = 10.0.40219.1
Project("{FAE04EC0-301F-11D3-BF4B-00C04F79EFBC}") = "TwinArrays", "TwinArrays\TwinArrays.csproj", "{0D064FAA-4510-4FF6-B5EA-195DB336C92C}"
EndProject
Project("{FAE04EC0-301F-11D3-BF4B-00C04F79EFBC}") = "PatternCount", "PatternCount\PatternCount.csproj", "{C2EE37E0-D34B-4AE2-835D-34D8C53A2F95}"
EndProject
Project("{FAE04EC0-301F-11D3-BF4B-00C04F79EFBC}") = "TransformToPalindrome", "TransformToPalindrome\TransformToPalindrome.csproj", "{6CCAAAB4-4264-4EFA-9868-4E08C73CC5B3}"
EndProject
Project("{FAE04EC0-301F-11D3-BF4B-00C04F79EFBC}") = "PalindromicTable", "PalindromicTable\PalindromicTable.csproj", "{EF21BD52-3972-431F-B0E1-0C1D4D1307A4}"
EndProject
Global
	GlobalSection(SolutionConfigurationPlatforms) = preSolution
		Debug|Any CPU = Debug|Any CPU
		Release|Any CPU = Release|Any CPU
	EndGlobalSection
	GlobalSection(ProjectConfigurationPlatforms) = postSolution
		{0D064FAA-4510-4FF6-B5EA-195DB336C92C}.Debug|Any CPU.ActiveCfg = Debug|Any CPU
		{0D064FAA-4510-4FF6-B5EA-195DB336C92C}.Debug|Any CPU.Build.0 = Debug|Any CPU
		{0D064FAA-4510-4FF6-B5EA-195DB336C92C}.Release|Any CPU.ActiveCfg = Release|Any CPU
		{0D064FAA-4510-4FF6-B5EA-195DB336C92C}.Release|Any CPU.Build.0 = Release|Any CPU
		{C2EE37E0-D34B-4AE2-835D-34D8C53A2F95}.Debug|Any CPU.ActiveCfg = Debug|Any CPU
		{C2EE37E0-D34B-4AE2-835D-34D8C53A2F95}.Debug|Any CPU.Build.0 = Debug|Any CPU
		{C2EE37E0-D34B-4AE2-835D-34D8C53A2F95}.Release|Any CPU.ActiveCfg = Release|Any CPU
		{C2EE37E0-D34B-4AE2-835D-34D8C53A2F95}.Release|Any CPU.Build.0 = Release|Any CPU
		{6CCAAAB4-4264-4EFA-9868-4E08C73CC5B3}.Debug|Any CPU.ActiveCfg = Debug|Any CPU
		{6CCAAAB4-4264-4EFA-9868-4E08C73CC5B3}.Debug|Any CPU.Build.0 = Debug|Any CPU
		{6CCAAAB4-4264-4EFA-9868-4E08C73CC5B3}.Release|Any CPU.ActiveCfg = Release|Any CPU
		{6CCAAAB4-4264-4EFA-9868-4E08C73CC5B3}.Release|Any CPU.Build.0 = Release|Any CPU
		{EF21BD52-3972-431F-B0E1-0C1D4D1307A4}.Debug|Any CPU.ActiveCfg = Debug|Any CPU
		{EF21BD52-3972-431F-B0E1-0C1D4D1307A4}.Debug|Any CPU.Build.0 = Debug|Any CPU
		{EF21BD52-3972-431F-B0E1-0C1D4D1307A4}.Release|Any CPU.ActiveCfg = Release|Any CPU
		{EF21BD52-3972-431F-B0E1-0C1D4D1307A4}.Release|Any CPU.Build.0 = Release|Any CPU
	EndGlobalSection
	GlobalSection(SolutionProperties) = preSolution
		HideSolutionNode = FALSE
	EndGlobalSection
EndGlobal
