
Microsoft Visual Studio Solution File, Format Version 12.00
# Visual Studio 14
VisualStudioVersion = 14.0.25420.1
MinimumVisualStudioVersion = 10.0.40219.1
Project("{FAE04EC0-301F-11D3-BF4B-00C04F79EFBC}") = "GeneEditing", "GeneEditing\GeneEditing.csproj", "{8CCE2DE1-D519-4597-AE6D-C67F4C3422B3}"
EndProject
Global
	GlobalSection(SolutionConfigurationPlatforms) = preSolution
		Debug|Any CPU = Debug|Any CPU
		Release|Any CPU = Release|Any CPU
	EndGlobalSection
	GlobalSection(ProjectConfigurationPlatforms) = postSolution
		{8CCE2DE1-D519-4597-AE6D-C67F4C3422B3}.Debug|Any CPU.ActiveCfg = Debug|Any CPU
		{8CCE2DE1-D519-4597-AE6D-C67F4C3422B3}.Debug|Any CPU.Build.0 = Debug|Any CPU
		{8CCE2DE1-D519-4597-AE6D-C67F4C3422B3}.Release|Any CPU.ActiveCfg = Release|Any CPU
		{8CCE2DE1-D519-4597-AE6D-C67F4C3422B3}.Release|Any CPU.Build.0 = Release|Any CPU
	EndGlobalSection
	GlobalSection(SolutionProperties) = preSolution
		HideSolutionNode = FALSE
	EndGlobalSection
EndGlobal
