
Microsoft Visual Studio Solution File, Format Version 12.00
# Visual Studio 14
VisualStudioVersion = 14.0.25420.1
MinimumVisualStudioVersion = 10.0.40219.1
Project("{FAE04EC0-301F-11D3-BF4B-00C04F79EFBC}") = "MrKMarsh", "MrKMarsh\MrKMarsh.csproj", "{D5E98DEB-985F-4F12-B1DA-0B5DBE9C5984}"
EndProject
Global
	GlobalSection(SolutionConfigurationPlatforms) = preSolution
		Debug|Any CPU = Debug|Any CPU
		Release|Any CPU = Release|Any CPU
	EndGlobalSection
	GlobalSection(ProjectConfigurationPlatforms) = postSolution
		{D5E98DEB-985F-4F12-B1DA-0B5DBE9C5984}.Debug|Any CPU.ActiveCfg = Debug|Any CPU
		{D5E98DEB-985F-4F12-B1DA-0B5DBE9C5984}.Debug|Any CPU.Build.0 = Debug|Any CPU
		{D5E98DEB-985F-4F12-B1DA-0B5DBE9C5984}.Release|Any CPU.ActiveCfg = Release|Any CPU
		{D5E98DEB-985F-4F12-B1DA-0B5DBE9C5984}.Release|Any CPU.Build.0 = Release|Any CPU
	EndGlobalSection
	GlobalSection(SolutionProperties) = preSolution
		HideSolutionNode = FALSE
	EndGlobalSection
EndGlobal
