
Microsoft Visual Studio Solution File, Format Version 12.00
# Visual Studio 14
VisualStudioVersion = 14.0.24720.0
MinimumVisualStudioVersion = 10.0.40219.1
Project("{FAE04EC0-301F-11D3-BF4B-00C04F79EFBC}") = "StockMaximize", "StockMaximize\StockMaximize.csproj", "{71E7C895-58B7-448E-9AAA-06F85C689186}"
EndProject
Project("{FAE04EC0-301F-11D3-BF4B-00C04F79EFBC}") = "StockMaximize2", "StockMaximize2\StockMaximize2.csproj", "{0A9F3967-8864-420C-9CFA-7BE59F649D95}"
EndProject
Global
	GlobalSection(SolutionConfigurationPlatforms) = preSolution
		Debug|Any CPU = Debug|Any CPU
		Release|Any CPU = Release|Any CPU
	EndGlobalSection
	GlobalSection(ProjectConfigurationPlatforms) = postSolution
		{71E7C895-58B7-448E-9AAA-06F85C689186}.Debug|Any CPU.ActiveCfg = Debug|Any CPU
		{71E7C895-58B7-448E-9AAA-06F85C689186}.Debug|Any CPU.Build.0 = Debug|Any CPU
		{71E7C895-58B7-448E-9AAA-06F85C689186}.Release|Any CPU.ActiveCfg = Release|Any CPU
		{71E7C895-58B7-448E-9AAA-06F85C689186}.Release|Any CPU.Build.0 = Release|Any CPU
		{0A9F3967-8864-420C-9CFA-7BE59F649D95}.Debug|Any CPU.ActiveCfg = Debug|Any CPU
		{0A9F3967-8864-420C-9CFA-7BE59F649D95}.Debug|Any CPU.Build.0 = Debug|Any CPU
		{0A9F3967-8864-420C-9CFA-7BE59F649D95}.Release|Any CPU.ActiveCfg = Release|Any CPU
		{0A9F3967-8864-420C-9CFA-7BE59F649D95}.Release|Any CPU.Build.0 = Release|Any CPU
	EndGlobalSection
	GlobalSection(SolutionProperties) = preSolution
		HideSolutionNode = FALSE
	EndGlobalSection
EndGlobal
